// !$*UTF8*$!
{
	archiveVersion = 1;
	classes = {
	};
	objectVersion = 50;
	objects = {

/* Begin PBXBuildFile section */
		C6038F8521AE6B3100E5CB29 /* AppDelegate.swift in Sources */ = {isa = PBXBuildFile; fileRef = C6038F8421AE6B3100E5CB29 /* AppDelegate.swift */; };
		C6038F8721AE6B3100E5CB29 /* FirstViewController.swift in Sources */ = {isa = PBXBuildFile; fileRef = C6038F8621AE6B3100E5CB29 /* FirstViewController.swift */; };
		C6038F8A21AE6B3100E5CB29 /* Main.storyboard in Resources */ = {isa = PBXBuildFile; fileRef = C6038F8821AE6B3100E5CB29 /* Main.storyboard */; };
		C6038F8C21AE6B3200E5CB29 /* Assets.xcassets in Resources */ = {isa = PBXBuildFile; fileRef = C6038F8B21AE6B3200E5CB29 /* Assets.xcassets */; };
		C6038F8F21AE6B3200E5CB29 /* LaunchScreen.storyboard in Resources */ = {isa = PBXBuildFile; fileRef = C6038F8D21AE6B3200E5CB29 /* LaunchScreen.storyboard */; };
		C6038F9721AE6BA200E5CB29 /* SecondViewController.swift in Sources */ = {isa = PBXBuildFile; fileRef = C6038F9621AE6BA200E5CB29 /* SecondViewController.swift */; };
		C6038F9921AE6BAC00E5CB29 /* ThirdViewController.swift in Sources */ = {isa = PBXBuildFile; fileRef = C6038F9821AE6BAC00E5CB29 /* ThirdViewController.swift */; };
/* End PBXBuildFile section */

/* Begin PBXFileReference section */
		C6038F8121AE6B3100E5CB29 /* MultiMVCDemo2.app */ = {isa = PBXFileReference; explicitFileType = wrapper.application; includeInIndex = 0; path = MultiMVCDemo2.app; sourceTree = BUILT_PRODUCTS_DIR; };
		C6038F8421AE6B3100E5CB29 /* AppDelegate.swift */ = {isa = PBXFileReference; lastKnownFileType = sourcecode.swift; path = AppDelegate.swift; sourceTree = "<group>"; };
		C6038F8621AE6B3100E5CB29 /* FirstViewController.swift */ = {isa = PBXFileReference; lastKnownFileType = sourcecode.swift; path = FirstViewController.swift; sourceTree = "<group>"; };
		C6038F8921AE6B3100E5CB29 /* Base */ = {isa = PBXFileReference; lastKnownFileType = file.storyboard; name = Base; path = Base.lproj/Main.storyboard; sourceTree = "<group>"; };
		C6038F8B21AE6B3200E5CB29 /* Assets.xcassets */ = {isa = PBXFileReference; lastKnownFileType = folder.assetcatalog; path = Assets.xcassets; sourceTree = "<group>"; };
		C6038F8E21AE6B3200E5CB29 /* Base */ = {isa = PBXFileReference; lastKnownFileType = file.storyboard; name = Base; path = Base.lproj/LaunchScreen.storyboard; sourceTree = "<group>"; };
		C6038F9021AE6B3200E5CB29 /* Info.plist */ = {isa = PBXFileReference; lastKnownFileType = text.plist.xml; path = Info.plist; sourceTree = "<group>"; };
		C6038F9621AE6BA200E5CB29 /* SecondViewController.swift */ = {isa = PBXFileReference; lastKnownFileType = sourcecode.swift; path = SecondViewController.swift; sourceTree = "<group>"; };
		C6038F9821AE6BAC00E5CB29 /* ThirdViewController.swift */ = {isa = PBXFileReference; lastKnownFileType = sourcecode.swift; path = ThirdViewController.swift; sourceTree = "<group>"; };
/* End PBXFileReference section */

/* Begin PBXFrameworksBuildPhase section */
		C6038F7E21AE6B3100E5CB29 /* Frameworks */ = {
			isa = PBXFrameworksBuildPhase;
			buildActionMask = 2147483647;
			files = (
			);
			runOnlyForDeploymentPostprocessing = 0;
		};
/* End PBXFrameworksBuildPhase section */

/* Begin PBXGroup section */
		C6038F7821AE6B3100E5CB29 = {
			isa = PBXGroup;
			children = (
				C6038F8321AE6B3100E5CB29 /* MultiMVCDemo2 */,
				C6038F8221AE6B3100E5CB29 /* Products */,
			);
			sourceTree = "<group>";
		};
		C6038F8221AE6B3100E5CB29 /* Products */ = {
			isa = PBXGroup;
			children = (
				C6038F8121AE6B3100E5CB29 /* MultiMVCDemo2.app */,
			);
			name = Products;
			sourceTree = "<group>";
		};
		C6038F8321AE6B3100E5CB29 /* MultiMVCDemo2 */ = {
			isa = PBXGroup;
			children = (
				C6038F8421AE6B3100E5CB29 /* AppDelegate.swift */,
				C6038F8621AE6B3100E5CB29 /* FirstViewController.swift */,
				C6038F8821AE6B3100E5CB29 /* Main.storyboard */,
				C6038F9621AE6BA200E5CB29 /* SecondViewController.swift */,
				C6038F9821AE6BAC00E5CB29 /* ThirdViewController.swift */,
				C6038F8B21AE6B3200E5CB29 /* Assets.xcassets */,
				C6038F8D21AE6B3200E5CB29 /* LaunchScreen.storyboard */,
				C6038F9021AE6B3200E5CB29 /* Info.plist */,
			);
			path = MultiMVCDemo2;
			sourceTree = "<group>";
		};
/* End PBXGroup section */

/* Begin PBXNativeTarget section */
		C6038F8021AE6B3100E5CB29 /* MultiMVCDemo2 */ = {
			isa = PBXNativeTarget;
			buildConfigurationList = C6038F9321AE6B3200E5CB29 /* Build configuration list for PBXNativeTarget "MultiMVCDemo2" */;
			buildPhases = (
				C6038F7D21AE6B3100E5CB29 /* Sources */,
				C6038F7E21AE6B3100E5CB29 /* Frameworks */,
				C6038F7F21AE6B3100E5CB29 /* Resources */,
			);
			buildRules = (
			);
			dependencies = (
			);
			name = MultiMVCDemo2;
			productName = MultiMVCDemo2;
			productReference = C6038F8121AE6B3100E5CB29 /* MultiMVCDemo2.app */;
			productType = "com.apple.product-type.application";
		};
/* End PBXNativeTarget section */

/* Begin PBXProject section */
		C6038F7921AE6B3100E5CB29 /* Project object */ = {
			isa = PBXProject;
			attributes = {
				LastSwiftUpdateCheck = 1000;
				LastUpgradeCheck = 1000;
				ORGANIZATIONNAME = liguiyang;
				TargetAttributes = {
					C6038F8021AE6B3100E5CB29 = {
						CreatedOnToolsVersion = 10.0;
					};
				};
			};
			buildConfigurationList = C6038F7C21AE6B3100E5CB29 /* Build configuration list for PBXProject "MultiMVCDemo2" */;
			compatibilityVersion = "Xcode 9.3";
			developmentRegion = en;
			hasScannedForEncodings = 0;
			knownRegions = (
				en,
				Base,
			);
			mainGroup = C6038F7821AE6B3100E5CB29;
			productRefGroup = C6038F8221AE6B3100E5CB29 /* Products */;
			projectDirPath = "";
			projectRoot = "";
			targets = (
				C6038F8021AE6B3100E5CB29 /* MultiMVCDemo2 */,
			);
		};
/* End PBXProject section */

/* Begin PBXResourcesBuildPhase section */
		C6038F7F21AE6B3100E5CB29 /* Resources */ = {
			isa = PBXResourcesBuildPhase;
			buildActionMask = 2147483647;
			files = (
				C6038F8F21AE6B3200E5CB29 /* LaunchScreen.storyboard in Resources */,
				C6038F8C21AE6B3200E5CB29 /* Assets.xcassets in Resources */,
				C6038F8A21AE6B3100E5CB29 /* Main.storyboard in Resources */,
			);
			runOnlyForDeploymentPostprocessing = 0;
		};
/* End PBXResourcesBuildPhase section */

/* Begin PBXSourcesBuildPhase section */
		C6038F7D21AE6B3100E5CB29 /* Sources */ = {
			isa = PBXSourcesBuildPhase;
			buildActionMask = 2147483647;
			files = (
				C6038F9721AE6BA200E5CB29 /* SecondViewController.swift in Sources */,
				C6038F8721AE6B3100E5CB29 /* FirstViewController.swift in Sources */,
				C6038F9921AE6BAC00E5CB29 /* ThirdViewController.swift in Sources */,
				C6038F8521AE6B3100E5CB29 /* AppDelegate.swift in Sources */,
			);
			runOnlyForDeploymentPostprocessing = 0;
		};
/* End PBXSourcesBuildPhase section */

/* Begin PBXVariantGroup section */
		C6038F8821AE6B3100E5CB29 /* Main.storyboard */ = {
			isa = PBXVariantGroup;
			children = (
				C6038F8921AE6B3100E5CB29 /* Base */,
			);
			name = Main.storyboard;
			sourceTree = "<group>";
		};
		C6038F8D21AE6B3200E5CB29 /* LaunchScreen.storyboard */ = {
			isa = PBXVariantGroup;
			children = (
				C6038F8E21AE6B3200E5CB29 /* Base */,
			);
			name = LaunchScreen.storyboard;
			sourceTree = "<group>";
		};
/* End PBXVariantGroup section */

/* Begin XCBuildConfiguration section */
		C6038F9121AE6B3200E5CB29 /* Debug */ = {
			isa = XCBuildConfiguration;
			buildSettings = {
				ALWAYS_SEARCH_USER_PATHS = NO;
				CLANG_ANALYZER_NONNULL = YES;
				CLANG_ANALYZER_NUMBER_OBJECT_CONVERSION = YES_AGGRESSIVE;
				CLANG_CXX_LANGUAGE_STANDARD = "gnu++14";
				CLANG_CXX_LIBRARY = "libc++";
				CLANG_ENABLE_MODULES = YES;
				CLANG_ENABLE_OBJC_ARC = YES;
				CLANG_ENABLE_OBJC_WEAK = YES;
				CLANG_WARN_BLOCK_CAPTURE_AUTORELEASING = YES;
				CLANG_WARN_BOOL_CONVERSION = YES;
				CLANG_WARN_COMMA = YES;
				CLANG_WARN_CONSTANT_CONVERSION = YES;
				CLANG_WARN_DEPRECATED_OBJC_IMPLEMENTATIONS = YES;
				CLANG_WARN_DIRECT_OBJC_ISA_USAGE = YES_ERROR;
				CLANG_WARN_DOCUMENTATION_COMMENTS = YES;
				CLANG_WARN_EMPTY_BODY = YES;
				CLANG_WARN_ENUM_CONVERSION = YES;
				CLANG_WARN_INFINITE_RECURSION = YES;
				CLANG_WARN_INT_CONVERSION = YES;
				CLANG_WARN_NON_LITERAL_NULL_CONVERSION = YES;
				CLANG_WARN_OBJC_IMPLICIT_RETAIN_SELF = YES;
				CLANG_WARN_OBJC_LITERAL_CONVERSION = YES;
				CLANG_WARN_OBJC_ROOT_CLASS = YES_ERROR;
				CLANG_WARN_RANGE_LOOP_ANALYSIS = YES;
				CLANG_WARN_STRICT_PROTOTYPES = YES;
				CLANG_WARN_SUSPICIOUS_MOVE = YES;
				CLANG_WARN_UNGUARDED_AVAILABILITY = YES_AGGRESSIVE;
				CLANG_WARN_UNREACHABLE_CODE = YES;
				CLANG_WARN__DUPLICATE_METHOD_MATCH = YES;
				CODE_SIGN_IDENTITY = "iPhone Developer";
				COPY_PHASE_STRIP = NO;
				DEBUG_INFORMATION_FORMAT = dwarf;
				ENABLE_STRICT_OBJC_MSGSEND = YES;
				ENABLE_TESTABILITY = YES;
				GCC_C_LANGUAGE_STANDARD = gnu11;
				GCC_DYNAMIC_NO_PIC = NO;
				GCC_NO_COMMON_BLOCKS = YES;
				GCC_OPTIMIZATION_LEVEL = 0;
				GCC_PREPROCESSOR_DEFINITIONS = (
					"DEBUG=1",
					"$(inherited)",
				);
				GCC_WARN_64_TO_32_BIT_CONVERSION = YES;
				GCC_WARN_ABOUT_RETURN_TYPE = YES_ERROR;
				GCC_WARN_UNDECLARED_SELECTOR = YES;
				GCC_WARN_UNINITIALIZED_AUTOS = YES_AGGRESSIVE;
				GCC_WARN_UNUSED_FUNCTION = YES;
				GCC_WARN_UNUSED_VARIABLE = YES;
				IPHONEOS_DEPLOYMENT_TARGET = 12.0;
				MTL_ENABLE_DEBUG_INFO = INCLUDE_SOURCE;
				MTL_FAST_MATH = YES;
				ONLY_ACTIVE_ARCH = YES;
				SDKROOT = iphoneos;
				SWIFT_ACTIVE_COMPILATION_CONDITIONS = DEBUG;
				SWIFT_OPTIMIZATION_LEVEL = "-Onone";
			};
			name = Debug;
		};
		C6038F9221AE6B3200E5CB29 /* Release */ = {
			isa = XCBuildConfiguration;
			buildSettings = {
				ALWAYS_SEARCH_USER_PATHS = NO;
				CLANG_ANALYZER_NONNULL = YES;
				CLANG_ANALYZER_NUMBER_OBJECT_CONVERSION = YES_AGGRESSIVE;
				CLANG_CXX_LANGUAGE_STANDARD = "gnu++14";
				CLANG_CXX_LIBRARY = "libc++";
				CLANG_ENABLE_MODULES = YES;
				CLANG_ENABLE_OBJC_ARC = YES;
				CLANG_ENABLE_OBJC_WEAK = YES;
				CLANG_WARN_BLOCK_CAPTURE_AUTORELEASING = YES;
				CLANG_WARN_BOOL_CONVERSION = YES;
				CLANG_WARN_COMMA = YES;
				CLANG_WARN_CONSTANT_CONVERSION = YES;
				CLANG_WARN_DEPRECATED_OBJC_IMPLEMENTATIONS = YES;
				CLANG_WARN_DIRECT_OBJC_ISA_USAGE = YES_ERROR;
				CLANG_WARN_DOCUMENTATION_COMMENTS = YES;
				CLANG_WARN_EMPTY_BODY = YES;
				CLANG_WARN_ENUM_CONVERSION = YES;
				CLANG_WARN_INFINITE_RECURSION = YES;
				CLANG_WARN_INT_CONVERSION = YES;
				CLANG_WARN_NON_LITERAL_NULL_CONVERSION = YES;
				CLANG_WARN_OBJC_IMPLICIT_RETAIN_SELF = YES;
				CLANG_WARN_OBJC_LITERAL_CONVERSION = YES;
				CLANG_WARN_OBJC_ROOT_CLASS = YES_ERROR;
				CLANG_WARN_RANGE_LOOP_ANALYSIS = YES;
				CLANG_WARN_STRICT_PROTOTYPES = YES;
				CLANG_WARN_SUSPICIOUS_MOVE = YES;
				CLANG_WARN_UNGUARDED_AVAILABILITY = YES_AGGRESSIVE;
				CLANG_WARN_UNREACHABLE_CODE = YES;
				CLANG_WARN__DUPLICATE_METHOD_MATCH = YES;
				CODE_SIGN_IDENTITY = "iPhone Developer";
				COPY_PHASE_STRIP = NO;
				DEBUG_INFORMATION_FORMAT = "dwarf-with-dsym";
				ENABLE_NS_ASSERTIONS = NO;
				ENABLE_STRICT_OBJC_MSGSEND = YES;
				GCC_C_LANGUAGE_STANDARD = gnu11;
				GCC_NO_COMMON_BLOCKS = YES;
				GCC_WARN_64_TO_32_BIT_CONVERSION = YES;
				GCC_WARN_ABOUT_RETURN_TYPE = YES_ERROR;
				GCC_WARN_UNDECLARED_SELECTOR = YES;
				GCC_WARN_UNINITIALIZED_AUTOS = YES_AGGRESSIVE;
				GCC_WARN_UNUSED_FUNCTION = YES;
				GCC_WARN_UNUSED_VARIABLE = YES;
				IPHONEOS_DEPLOYMENT_TARGET = 12.0;
				MTL_ENABLE_DEBUG_INFO = NO;
				MTL_FAST_MATH = YES;
				SDKROOT = iphoneos;
				SWIFT_COMPILATION_MODE = wholemodule;
				SWIFT_OPTIMIZATION_LEVEL = "-O";
				VALIDATE_PRODUCT = YES;
			};
			name = Release;
		};
		C6038F9421AE6B3200E5CB29 /* Debug */ = {
			isa = XCBuildConfiguration;
			buildSettings = {
				ASSETCATALOG_COMPILER_APPICON_NAME = AppIcon;
				CODE_SIGN_STYLE = Automatic;
				INFOPLIST_FILE = MultiMVCDemo2/Info.plist;
				LD_RUNPATH_SEARCH_PATHS = (
					"$(inherited)",
					"@executable_path/Frameworks",
				);
				PRODUCT_BUNDLE_IDENTIFIER = "-0010056.MultiMVCDemo2";
				PRODUCT_NAME = "$(TARGET_NAME)";
				SWIFT_VERSION = 4.2;
				TARGETED_DEVICE_FAMILY = "1,2";
			};
			name = Debug;
		};
		C6038F9521AE6B3200E5CB29 /* Release */ = {
			isa = XCBuildConfiguration;
			buildSettings = {
				ASSETCATALOG_COMPILER_APPICON_NAME = AppIcon;
				CODE_SIGN_STYLE = Automatic;
				INFOPLIST_FILE = MultiMVCDemo2/Info.plist;
				LD_RUNPATH_SEARCH_PATHS = (
					"$(inherited)",
					"@executable_path/Frameworks",
				);
				PRODUCT_BUNDLE_IDENTIFIER = "-0010056.MultiMVCDemo2";
				PRODUCT_NAME = "$(TARGET_NAME)";
				SWIFT_VERSION = 4.2;
				TARGETED_DEVICE_FAMILY = "1,2";
			};
			name = Release;
		};
/* End XCBuildConfiguration section */

/* Begin XCConfigurationList section */
		C6038F7C21AE6B3100E5CB29 /* Build configuration list for PBXProject "MultiMVCDemo2" */ = {
			isa = XCConfigurationList;
			buildConfigurations = (
				C6038F9121AE6B3200E5CB29 /* Debug */,
				C6038F9221AE6B3200E5CB29 /* Release */,
			);
			defaultConfigurationIsVisible = 0;
			defaultConfigurationName = Release;
		};
		C6038F9321AE6B3200E5CB29 /* Build configuration list for PBXNativeTarget "MultiMVCDemo2" */ = {
			isa = XCConfigurationList;
			buildConfigurations = (
				C6038F9421AE6B3200E5CB29 /* Debug */,
				C6038F9521AE6B3200E5CB29 /* Release */,
			);
			defaultConfigurationIsVisible = 0;
			defaultConfigurationName = Release;
		};
/* End XCConfigurationList section */
	};
	rootObject = C6038F7921AE6B3100E5CB29 /* Project object */;
}
