// !$*UTF8*$!
{
	archiveVersion = 1;
	classes = {
	};
	objectVersion = 50;
	objects = {

/* Begin PBXBuildFile section */
		3F4F9BB421AA59BB0015D638 /* AppDelegate.swift in Sources */ = {isa = PBXBuildFile; fileRef = 3F4F9BB321AA59BB0015D638 /* AppDelegate.swift */; };
		3F4F9BB621AA59BB0015D638 /* ViewController.swift in Sources */ = {isa = PBXBuildFile; fileRef = 3F4F9BB521AA59BB0015D638 /* ViewController.swift */; };
		3F4F9BB921AA59BB0015D638 /* Main.storyboard in Resources */ = {isa = PBXBuildFile; fileRef = 3F4F9BB721AA59BB0015D638 /* Main.storyboard */; };
		3F4F9BBB21AA59BD0015D638 /* Assets.xcassets in Resources */ = {isa = PBXBuildFile; fileRef = 3F4F9BBA21AA59BD0015D638 /* Assets.xcassets */; };
		3F4F9BBE21AA59BD0015D638 /* LaunchScreen.storyboard in Resources */ = {isa = PBXBuildFile; fileRef = 3F4F9BBC21AA59BD0015D638 /* LaunchScreen.storyboard */; };
		3F4F9BC921AA59BD0015D638 /* MyGestureTests.swift in Sources */ = {isa = PBXBuildFile; fileRef = 3F4F9BC821AA59BD0015D638 /* MyGestureTests.swift */; };
		3F4F9BD421AA59EA0015D638 /* MyView.swift in Sources */ = {isa = PBXBuildFile; fileRef = 3F4F9BD321AA59EA0015D638 /* MyView.swift */; };
/* End PBXBuildFile section */

/* Begin PBXContainerItemProxy section */
		3F4F9BC521AA59BD0015D638 /* PBXContainerItemProxy */ = {
			isa = PBXContainerItemProxy;
			containerPortal = 3F4F9BA821AA59BB0015D638 /* Project object */;
			proxyType = 1;
			remoteGlobalIDString = 3F4F9BAF21AA59BB0015D638;
			remoteInfo = MyGesture;
		};
/* End PBXContainerItemProxy section */

/* Begin PBXFileReference section */
		3F4F9BB021AA59BB0015D638 /* MyGesture.app */ = {isa = PBXFileReference; explicitFileType = wrapper.application; includeInIndex = 0; path = MyGesture.app; sourceTree = BUILT_PRODUCTS_DIR; };
		3F4F9BB321AA59BB0015D638 /* AppDelegate.swift */ = {isa = PBXFileReference; lastKnownFileType = sourcecode.swift; path = AppDelegate.swift; sourceTree = "<group>"; };
		3F4F9BB521AA59BB0015D638 /* ViewController.swift */ = {isa = PBXFileReference; lastKnownFileType = sourcecode.swift; path = ViewController.swift; sourceTree = "<group>"; };
		3F4F9BB821AA59BB0015D638 /* Base */ = {isa = PBXFileReference; lastKnownFileType = file.storyboard; name = Base; path = Base.lproj/Main.storyboard; sourceTree = "<group>"; };
		3F4F9BBA21AA59BD0015D638 /* Assets.xcassets */ = {isa = PBXFileReference; lastKnownFileType = folder.assetcatalog; path = Assets.xcassets; sourceTree = "<group>"; };
		3F4F9BBD21AA59BD0015D638 /* Base */ = {isa = PBXFileReference; lastKnownFileType = file.storyboard; name = Base; path = Base.lproj/LaunchScreen.storyboard; sourceTree = "<group>"; };
		3F4F9BBF21AA59BD0015D638 /* Info.plist */ = {isa = PBXFileReference; lastKnownFileType = text.plist.xml; path = Info.plist; sourceTree = "<group>"; };
		3F4F9BC421AA59BD0015D638 /* MyGestureTests.xctest */ = {isa = PBXFileReference; explicitFileType = wrapper.cfbundle; includeInIndex = 0; path = MyGestureTests.xctest; sourceTree = BUILT_PRODUCTS_DIR; };
		3F4F9BC821AA59BD0015D638 /* MyGestureTests.swift */ = {isa = PBXFileReference; lastKnownFileType = sourcecode.swift; path = MyGestureTests.swift; sourceTree = "<group>"; };
		3F4F9BCA21AA59BD0015D638 /* Info.plist */ = {isa = PBXFileReference; lastKnownFileType = text.plist.xml; path = Info.plist; sourceTree = "<group>"; };
		3F4F9BD321AA59EA0015D638 /* MyView.swift */ = {isa = PBXFileReference; lastKnownFileType = sourcecode.swift; path = MyView.swift; sourceTree = "<group>"; };
/* End PBXFileReference section */

/* Begin PBXFrameworksBuildPhase section */
		3F4F9BAD21AA59BB0015D638 /* Frameworks */ = {
			isa = PBXFrameworksBuildPhase;
			buildActionMask = 2147483647;
			files = (
			);
			runOnlyForDeploymentPostprocessing = 0;
		};
		3F4F9BC121AA59BD0015D638 /* Frameworks */ = {
			isa = PBXFrameworksBuildPhase;
			buildActionMask = 2147483647;
			files = (
			);
			runOnlyForDeploymentPostprocessing = 0;
		};
/* End PBXFrameworksBuildPhase section */

/* Begin PBXGroup section */
		3F4F9BA721AA59BB0015D638 = {
			isa = PBXGroup;
			children = (
				3F4F9BB221AA59BB0015D638 /* MyGesture */,
				3F4F9BC721AA59BD0015D638 /* MyGestureTests */,
				3F4F9BB121AA59BB0015D638 /* Products */,
			);
			sourceTree = "<group>";
		};
		3F4F9BB121AA59BB0015D638 /* Products */ = {
			isa = PBXGroup;
			children = (
				3F4F9BB021AA59BB0015D638 /* MyGesture.app */,
				3F4F9BC421AA59BD0015D638 /* MyGestureTests.xctest */,
			);
			name = Products;
			sourceTree = "<group>";
		};
		3F4F9BB221AA59BB0015D638 /* MyGesture */ = {
			isa = PBXGroup;
			children = (
				3F4F9BB321AA59BB0015D638 /* AppDelegate.swift */,
				3F4F9BB521AA59BB0015D638 /* ViewController.swift */,
				3F4F9BB721AA59BB0015D638 /* Main.storyboard */,
				3F4F9BBA21AA59BD0015D638 /* Assets.xcassets */,
				3F4F9BBC21AA59BD0015D638 /* LaunchScreen.storyboard */,
				3F4F9BBF21AA59BD0015D638 /* Info.plist */,
				3F4F9BD321AA59EA0015D638 /* MyView.swift */,
			);
			path = MyGesture;
			sourceTree = "<group>";
		};
		3F4F9BC721AA59BD0015D638 /* MyGestureTests */ = {
			isa = PBXGroup;
			children = (
				3F4F9BC821AA59BD0015D638 /* MyGestureTests.swift */,
				3F4F9BCA21AA59BD0015D638 /* Info.plist */,
			);
			path = MyGestureTests;
			sourceTree = "<group>";
		};
/* End PBXGroup section */

/* Begin PBXNativeTarget section */
		3F4F9BAF21AA59BB0015D638 /* MyGesture */ = {
			isa = PBXNativeTarget;
			buildConfigurationList = 3F4F9BCD21AA59BD0015D638 /* Build configuration list for PBXNativeTarget "MyGesture" */;
			buildPhases = (
				3F4F9BAC21AA59BB0015D638 /* Sources */,
				3F4F9BAD21AA59BB0015D638 /* Frameworks */,
				3F4F9BAE21AA59BB0015D638 /* Resources */,
			);
			buildRules = (
			);
			dependencies = (
			);
			name = MyGesture;
			productName = MyGesture;
			productReference = 3F4F9BB021AA59BB0015D638 /* MyGesture.app */;
			productType = "com.apple.product-type.application";
		};
		3F4F9BC321AA59BD0015D638 /* MyGestureTests */ = {
			isa = PBXNativeTarget;
			buildConfigurationList = 3F4F9BD021AA59BD0015D638 /* Build configuration list for PBXNativeTarget "MyGestureTests" */;
			buildPhases = (
				3F4F9BC021AA59BD0015D638 /* Sources */,
				3F4F9BC121AA59BD0015D638 /* Frameworks */,
				3F4F9BC221AA59BD0015D638 /* Resources */,
			);
			buildRules = (
			);
			dependencies = (
				3F4F9BC621AA59BD0015D638 /* PBXTargetDependency */,
			);
			name = MyGestureTests;
			productName = MyGestureTests;
			productReference = 3F4F9BC421AA59BD0015D638 /* MyGestureTests.xctest */;
			productType = "com.apple.product-type.bundle.unit-test";
		};
/* End PBXNativeTarget section */

/* Begin PBXProject section */
		3F4F9BA821AA59BB0015D638 /* Project object */ = {
			isa = PBXProject;
			attributes = {
				LastSwiftUpdateCheck = 1000;
				LastUpgradeCheck = 1000;
				ORGANIZATIONNAME = "杨健";
				TargetAttributes = {
					3F4F9BAF21AA59BB0015D638 = {
						CreatedOnToolsVersion = 10.0;
					};
					3F4F9BC321AA59BD0015D638 = {
						CreatedOnToolsVersion = 10.0;
						TestTargetID = 3F4F9BAF21AA59BB0015D638;
					};
				};
			};
			buildConfigurationList = 3F4F9BAB21AA59BB0015D638 /* Build configuration list for PBXProject "MyGesture" */;
			compatibilityVersion = "Xcode 9.3";
			developmentRegion = en;
			hasScannedForEncodings = 0;
			knownRegions = (
				en,
				Base,
			);
			mainGroup = 3F4F9BA721AA59BB0015D638;
			productRefGroup = 3F4F9BB121AA59BB0015D638 /* Products */;
			projectDirPath = "";
			projectRoot = "";
			targets = (
				3F4F9BAF21AA59BB0015D638 /* MyGesture */,
				3F4F9BC321AA59BD0015D638 /* MyGestureTests */,
			);
		};
/* End PBXProject section */

/* Begin PBXResourcesBuildPhase section */
		3F4F9BAE21AA59BB0015D638 /* Resources */ = {
			isa = PBXResourcesBuildPhase;
			buildActionMask = 2147483647;
			files = (
				3F4F9BBE21AA59BD0015D638 /* LaunchScreen.storyboard in Resources */,
				3F4F9BBB21AA59BD0015D638 /* Assets.xcassets in Resources */,
				3F4F9BB921AA59BB0015D638 /* Main.storyboard in Resources */,
			);
			runOnlyForDeploymentPostprocessing = 0;
		};
		3F4F9BC221AA59BD0015D638 /* Resources */ = {
			isa = PBXResourcesBuildPhase;
			buildActionMask = 2147483647;
			files = (
			);
			runOnlyForDeploymentPostprocessing = 0;
		};
/* End PBXResourcesBuildPhase section */

/* Begin PBXSourcesBuildPhase section */
		3F4F9BAC21AA59BB0015D638 /* Sources */ = {
			isa = PBXSourcesBuildPhase;
			buildActionMask = 2147483647;
			files = (
				3F4F9BD421AA59EA0015D638 /* MyView.swift in Sources */,
				3F4F9BB621AA59BB0015D638 /* ViewController.swift in Sources */,
				3F4F9BB421AA59BB0015D638 /* AppDelegate.swift in Sources */,
			);
			runOnlyForDeploymentPostprocessing = 0;
		};
		3F4F9BC021AA59BD0015D638 /* Sources */ = {
			isa = PBXSourcesBuildPhase;
			buildActionMask = 2147483647;
			files = (
				3F4F9BC921AA59BD0015D638 /* MyGestureTests.swift in Sources */,
			);
			runOnlyForDeploymentPostprocessing = 0;
		};
/* End PBXSourcesBuildPhase section */

/* Begin PBXTargetDependency section */
		3F4F9BC621AA59BD0015D638 /* PBXTargetDependency */ = {
			isa = PBXTargetDependency;
			target = 3F4F9BAF21AA59BB0015D638 /* MyGesture */;
			targetProxy = 3F4F9BC521AA59BD0015D638 /* PBXContainerItemProxy */;
		};
/* End PBXTargetDependency section */

/* Begin PBXVariantGroup section */
		3F4F9BB721AA59BB0015D638 /* Main.storyboard */ = {
			isa = PBXVariantGroup;
			children = (
				3F4F9BB821AA59BB0015D638 /* Base */,
			);
			name = Main.storyboard;
			sourceTree = "<group>";
		};
		3F4F9BBC21AA59BD0015D638 /* LaunchScreen.storyboard */ = {
			isa = PBXVariantGroup;
			children = (
				3F4F9BBD21AA59BD0015D638 /* Base */,
			);
			name = LaunchScreen.storyboard;
			sourceTree = "<group>";
		};
/* End PBXVariantGroup section */

/* Begin XCBuildConfiguration section */
		3F4F9BCB21AA59BD0015D638 /* Debug */ = {
			isa = XCBuildConfiguration;
			buildSettings = {
				ALWAYS_SEARCH_USER_PATHS = NO;
				CLANG_ANALYZER_NONNULL = YES;
				CLANG_ANALYZER_NUMBER_OBJECT_CONVERSION = YES_AGGRESSIVE;
				CLANG_CXX_LANGUAGE_STANDARD = "gnu++14";
				CLANG_CXX_LIBRARY = "libc++";
				CLANG_ENABLE_MODULES = YES;
				CLANG_ENABLE_OBJC_ARC = YES;
				CLANG_ENABLE_OBJC_WEAK = YES;
				CLANG_WARN_BLOCK_CAPTURE_AUTORELEASING = YES;
				CLANG_WARN_BOOL_CONVERSION = YES;
				CLANG_WARN_COMMA = YES;
				CLANG_WARN_CONSTANT_CONVERSION = YES;
				CLANG_WARN_DEPRECATED_OBJC_IMPLEMENTATIONS = YES;
				CLANG_WARN_DIRECT_OBJC_ISA_USAGE = YES_ERROR;
				CLANG_WARN_DOCUMENTATION_COMMENTS = YES;
				CLANG_WARN_EMPTY_BODY = YES;
				CLANG_WARN_ENUM_CONVERSION = YES;
				CLANG_WARN_INFINITE_RECURSION = YES;
				CLANG_WARN_INT_CONVERSION = YES;
				CLANG_WARN_NON_LITERAL_NULL_CONVERSION = YES;
				CLANG_WARN_OBJC_IMPLICIT_RETAIN_SELF = YES;
				CLANG_WARN_OBJC_LITERAL_CONVERSION = YES;
				CLANG_WARN_OBJC_ROOT_CLASS = YES_ERROR;
				CLANG_WARN_RANGE_LOOP_ANALYSIS = YES;
				CLANG_WARN_STRICT_PROTOTYPES = YES;
				CLANG_WARN_SUSPICIOUS_MOVE = YES;
				CLANG_WARN_UNGUARDED_AVAILABILITY = YES_AGGRESSIVE;
				CLANG_WARN_UNREACHABLE_CODE = YES;
				CLANG_WARN__DUPLICATE_METHOD_MATCH = YES;
				CODE_SIGN_IDENTITY = "iPhone Developer";
				COPY_PHASE_STRIP = NO;
				DEBUG_INFORMATION_FORMAT = dwarf;
				ENABLE_STRICT_OBJC_MSGSEND = YES;
				ENABLE_TESTABILITY = YES;
				GCC_C_LANGUAGE_STANDARD = gnu11;
				GCC_DYNAMIC_NO_PIC = NO;
				GCC_NO_COMMON_BLOCKS = YES;
				GCC_OPTIMIZATION_LEVEL = 0;
				GCC_PREPROCESSOR_DEFINITIONS = (
					"DEBUG=1",
					"$(inherited)",
				);
				GCC_WARN_64_TO_32_BIT_CONVERSION = YES;
				GCC_WARN_ABOUT_RETURN_TYPE = YES_ERROR;
				GCC_WARN_UNDECLARED_SELECTOR = YES;
				GCC_WARN_UNINITIALIZED_AUTOS = YES_AGGRESSIVE;
				GCC_WARN_UNUSED_FUNCTION = YES;
				GCC_WARN_UNUSED_VARIABLE = YES;
				IPHONEOS_DEPLOYMENT_TARGET = 12.0;
				MTL_ENABLE_DEBUG_INFO = INCLUDE_SOURCE;
				MTL_FAST_MATH = YES;
				ONLY_ACTIVE_ARCH = YES;
				SDKROOT = iphoneos;
				SWIFT_ACTIVE_COMPILATION_CONDITIONS = DEBUG;
				SWIFT_OPTIMIZATION_LEVEL = "-Onone";
			};
			name = Debug;
		};
		3F4F9BCC21AA59BD0015D638 /* Release */ = {
			isa = XCBuildConfiguration;
			buildSettings = {
				ALWAYS_SEARCH_USER_PATHS = NO;
				CLANG_ANALYZER_NONNULL = YES;
				CLANG_ANALYZER_NUMBER_OBJECT_CONVERSION = YES_AGGRESSIVE;
				CLANG_CXX_LANGUAGE_STANDARD = "gnu++14";
				CLANG_CXX_LIBRARY = "libc++";
				CLANG_ENABLE_MODULES = YES;
				CLANG_ENABLE_OBJC_ARC = YES;
				CLANG_ENABLE_OBJC_WEAK = YES;
				CLANG_WARN_BLOCK_CAPTURE_AUTORELEASING = YES;
				CLANG_WARN_BOOL_CONVERSION = YES;
				CLANG_WARN_COMMA = YES;
				CLANG_WARN_CONSTANT_CONVERSION = YES;
				CLANG_WARN_DEPRECATED_OBJC_IMPLEMENTATIONS = YES;
				CLANG_WARN_DIRECT_OBJC_ISA_USAGE = YES_ERROR;
				CLANG_WARN_DOCUMENTATION_COMMENTS = YES;
				CLANG_WARN_EMPTY_BODY = YES;
				CLANG_WARN_ENUM_CONVERSION = YES;
				CLANG_WARN_INFINITE_RECURSION = YES;
				CLANG_WARN_INT_CONVERSION = YES;
				CLANG_WARN_NON_LITERAL_NULL_CONVERSION = YES;
				CLANG_WARN_OBJC_IMPLICIT_RETAIN_SELF = YES;
				CLANG_WARN_OBJC_LITERAL_CONVERSION = YES;
				CLANG_WARN_OBJC_ROOT_CLASS = YES_ERROR;
				CLANG_WARN_RANGE_LOOP_ANALYSIS = YES;
				CLANG_WARN_STRICT_PROTOTYPES = YES;
				CLANG_WARN_SUSPICIOUS_MOVE = YES;
				CLANG_WARN_UNGUARDED_AVAILABILITY = YES_AGGRESSIVE;
				CLANG_WARN_UNREACHABLE_CODE = YES;
				CLANG_WARN__DUPLICATE_METHOD_MATCH = YES;
				CODE_SIGN_IDENTITY = "iPhone Developer";
				COPY_PHASE_STRIP = NO;
				DEBUG_INFORMATION_FORMAT = "dwarf-with-dsym";
				ENABLE_NS_ASSERTIONS = NO;
				ENABLE_STRICT_OBJC_MSGSEND = YES;
				GCC_C_LANGUAGE_STANDARD = gnu11;
				GCC_NO_COMMON_BLOCKS = YES;
				GCC_WARN_64_TO_32_BIT_CONVERSION = YES;
				GCC_WARN_ABOUT_RETURN_TYPE = YES_ERROR;
				GCC_WARN_UNDECLARED_SELECTOR = YES;
				GCC_WARN_UNINITIALIZED_AUTOS = YES_AGGRESSIVE;
				GCC_WARN_UNUSED_FUNCTION = YES;
				GCC_WARN_UNUSED_VARIABLE = YES;
				IPHONEOS_DEPLOYMENT_TARGET = 12.0;
				MTL_ENABLE_DEBUG_INFO = NO;
				MTL_FAST_MATH = YES;
				SDKROOT = iphoneos;
				SWIFT_COMPILATION_MODE = wholemodule;
				SWIFT_OPTIMIZATION_LEVEL = "-O";
				VALIDATE_PRODUCT = YES;
			};
			name = Release;
		};
		3F4F9BCE21AA59BD0015D638 /* Debug */ = {
			isa = XCBuildConfiguration;
			buildSettings = {
				ASSETCATALOG_COMPILER_APPICON_NAME = AppIcon;
				CODE_SIGN_STYLE = Automatic;
				INFOPLIST_FILE = MyGesture/Info.plist;
				LD_RUNPATH_SEARCH_PATHS = (
					"$(inherited)",
					"@executable_path/Frameworks",
				);
				PRODUCT_BUNDLE_IDENTIFIER = "-016110345.MyGesture";
				PRODUCT_NAME = "$(TARGET_NAME)";
				SWIFT_VERSION = 4.2;
				TARGETED_DEVICE_FAMILY = "1,2";
			};
			name = Debug;
		};
		3F4F9BCF21AA59BD0015D638 /* Release */ = {
			isa = XCBuildConfiguration;
			buildSettings = {
				ASSETCATALOG_COMPILER_APPICON_NAME = AppIcon;
				CODE_SIGN_STYLE = Automatic;
				INFOPLIST_FILE = MyGesture/Info.plist;
				LD_RUNPATH_SEARCH_PATHS = (
					"$(inherited)",
					"@executable_path/Frameworks",
				);
				PRODUCT_BUNDLE_IDENTIFIER = "-016110345.MyGesture";
				PRODUCT_NAME = "$(TARGET_NAME)";
				SWIFT_VERSION = 4.2;
				TARGETED_DEVICE_FAMILY = "1,2";
			};
			name = Release;
		};
		3F4F9BD121AA59BD0015D638 /* Debug */ = {
			isa = XCBuildConfiguration;
			buildSettings = {
				ALWAYS_EMBED_SWIFT_STANDARD_LIBRARIES = YES;
				BUNDLE_LOADER = "$(TEST_HOST)";
				CODE_SIGN_STYLE = Automatic;
				INFOPLIST_FILE = MyGestureTests/Info.plist;
				LD_RUNPATH_SEARCH_PATHS = (
					"$(inherited)",
					"@executable_path/Frameworks",
					"@loader_path/Frameworks",
				);
				PRODUCT_BUNDLE_IDENTIFIER = "-016110345.MyGestureTests";
				PRODUCT_NAME = "$(TARGET_NAME)";
				SWIFT_VERSION = 4.2;
				TARGETED_DEVICE_FAMILY = "1,2";
				TEST_HOST = "$(BUILT_PRODUCTS_DIR)/MyGesture.app/MyGesture";
			};
			name = Debug;
		};
		3F4F9BD221AA59BD0015D638 /* Release */ = {
			isa = XCBuildConfiguration;
			buildSettings = {
				ALWAYS_EMBED_SWIFT_STANDARD_LIBRARIES = YES;
				BUNDLE_LOADER = "$(TEST_HOST)";
				CODE_SIGN_STYLE = Automatic;
				INFOPLIST_FILE = MyGestureTests/Info.plist;
				LD_RUNPATH_SEARCH_PATHS = (
					"$(inherited)",
					"@executable_path/Frameworks",
					"@loader_path/Frameworks",
				);
				PRODUCT_BUNDLE_IDENTIFIER = "-016110345.MyGestureTests";
				PRODUCT_NAME = "$(TARGET_NAME)";
				SWIFT_VERSION = 4.2;
				TARGETED_DEVICE_FAMILY = "1,2";
				TEST_HOST = "$(BUILT_PRODUCTS_DIR)/MyGesture.app/MyGesture";
			};
			name = Release;
		};
/* End XCBuildConfiguration section */

/* Begin XCConfigurationList section */
		3F4F9BAB21AA59BB0015D638 /* Build configuration list for PBXProject "MyGesture" */ = {
			isa = XCConfigurationList;
			buildConfigurations = (
				3F4F9BCB21AA59BD0015D638 /* Debug */,
				3F4F9BCC21AA59BD0015D638 /* Release */,
			);
			defaultConfigurationIsVisible = 0;
			defaultConfigurationName = Release;
		};
		3F4F9BCD21AA59BD0015D638 /* Build configuration list for PBXNativeTarget "MyGesture" */ = {
			isa = XCConfigurationList;
			buildConfigurations = (
				3F4F9BCE21AA59BD0015D638 /* Debug */,
				3F4F9BCF21AA59BD0015D638 /* Release */,
			);
			defaultConfigurationIsVisible = 0;
			defaultConfigurationName = Release;
		};
		3F4F9BD021AA59BD0015D638 /* Build configuration list for PBXNativeTarget "MyGestureTests" */ = {
			isa = XCConfigurationList;
			buildConfigurations = (
				3F4F9BD121AA59BD0015D638 /* Debug */,
				3F4F9BD221AA59BD0015D638 /* Release */,
			);
			defaultConfigurationIsVisible = 0;
			defaultConfigurationName = Release;
		};
/* End XCConfigurationList section */
	};
	rootObject = 3F4F9BA821AA59BB0015D638 /* Project object */;
}
